
Microsoft Visual Studio Solution File, Format Version 12.00
# Visual Studio 2013
VisualStudioVersion = 12.0.31101.0
MinimumVisualStudioVersion = 10.0.40219.1
Project("{FAE04EC0-301F-11D3-BF4B-00C04F79EFBC}") = "FontAwesome.WPF", "FontAwesome.WPF\FontAwesome.WPF.csproj", "{7006AC9F-D218-4D7B-98EB-5D2D91F69C57}"
EndProject
Project("{FAE04EC0-301F-11D3-BF4B-00C04F79EFBC}") = "Example.FontAwesome.WPF", "Example.FontAwesome.WPF\Example.FontAwesome.WPF.csproj", "{DCF06249-138E-4382-BABF-0981FBBF441A}"
EndProject
Project("{FAE04EC0-301F-11D3-BF4B-00C04F79EFBC}") = "FontAwesome.WPF.Generate", "FontAwesome.WPF.Generate\FontAwesome.WPF.Generate.csproj", "{9EEDEA68-70BD-4AEF-AD89-5E76D95F039A}"
EndProject
Project("{2150E333-8FDC-42A3-9474-1A3956D46DE8}") = "Generate", "Generate", "{71689985-6EF8-4DD0-91D8-0AFF950C0CB5}"
EndProject
Project("{2150E333-8FDC-42A3-9474-1A3956D46DE8}") = "Getting Started", "Getting Started", "{C80D5DAF-F2E8-42A2-A0EC-BDFCEDD75D5C}"
EndProject
Global
	GlobalSection(SolutionConfigurationPlatforms) = preSolution
		Debug|Any CPU = Debug|Any CPU
		Release|Any CPU = Release|Any CPU
	EndGlobalSection
	GlobalSection(ProjectConfigurationPlatforms) = postSolution
		{7006AC9F-D218-4D7B-98EB-5D2D91F69C57}.Debug|Any CPU.ActiveCfg = Debug|Any CPU
		{7006AC9F-D218-4D7B-98EB-5D2D91F69C57}.Debug|Any CPU.Build.0 = Debug|Any CPU
		{7006AC9F-D218-4D7B-98EB-5D2D91F69C57}.Release|Any CPU.ActiveCfg = Release|Any CPU
		{7006AC9F-D218-4D7B-98EB-5D2D91F69C57}.Release|Any CPU.Build.0 = Release|Any CPU
		{DCF06249-138E-4382-BABF-0981FBBF441A}.Debug|Any CPU.ActiveCfg = Debug|Any CPU
		{DCF06249-138E-4382-BABF-0981FBBF441A}.Debug|Any CPU.Build.0 = Debug|Any CPU
		{DCF06249-138E-4382-BABF-0981FBBF441A}.Release|Any CPU.ActiveCfg = Release|Any CPU
		{DCF06249-138E-4382-BABF-0981FBBF441A}.Release|Any CPU.Build.0 = Release|Any CPU
		{9EEDEA68-70BD-4AEF-AD89-5E76D95F039A}.Debug|Any CPU.ActiveCfg = Debug|Any CPU
		{9EEDEA68-70BD-4AEF-AD89-5E76D95F039A}.Debug|Any CPU.Build.0 = Debug|Any CPU
		{9EEDEA68-70BD-4AEF-AD89-5E76D95F039A}.Release|Any CPU.ActiveCfg = Release|Any CPU
		{9EEDEA68-70BD-4AEF-AD89-5E76D95F039A}.Release|Any CPU.Build.0 = Release|Any CPU
	EndGlobalSection
	GlobalSection(SolutionProperties) = preSolution
		HideSolutionNode = FALSE
	EndGlobalSection
	GlobalSection(NestedProjects) = preSolution
		{DCF06249-138E-4382-BABF-0981FBBF441A} = {C80D5DAF-F2E8-42A2-A0EC-BDFCEDD75D5C}
		{9EEDEA68-70BD-4AEF-AD89-5E76D95F039A} = {71689985-6EF8-4DD0-91D8-0AFF950C0CB5}
	EndGlobalSection
EndGlobal
